
Microsoft Visual Studio Solution File, Format Version 12.00
Project("{FAE04EC0-301F-11D3-BF4B-00C04F79EFBC}") = "CSParser", "CSParser\CSParser.csproj", "{0684EE3D-2456-47A9-AD22-3409A1D27C13}"
EndProject
Global
	GlobalSection(SolutionConfigurationPlatforms) = preSolution
		Debug|Any CPU = Debug|Any CPU
		Release|Any CPU = Release|Any CPU
	EndGlobalSection
	GlobalSection(ProjectConfigurationPlatforms) = postSolution
		{0684EE3D-2456-47A9-AD22-3409A1D27C13}.Debug|Any CPU.ActiveCfg = Debug|Any CPU
		{0684EE3D-2456-47A9-AD22-3409A1D27C13}.Debug|Any CPU.Build.0 = Debug|Any CPU
		{0684EE3D-2456-47A9-AD22-3409A1D27C13}.Release|Any CPU.ActiveCfg = Release|Any CPU
		{0684EE3D-2456-47A9-AD22-3409A1D27C13}.Release|Any CPU.Build.0 = Release|Any CPU
	EndGlobalSection
EndGlobal
